
Microsoft Visual Studio Solution File, Format Version 12.00
# Visual Studio 15
VisualStudioVersion = 15.0.27004.2009
MinimumVisualStudioVersion = 10.0.40219.1
Project("{FAE04EC0-301F-11D3-BF4B-00C04F79EFBC}") = "AOOAD_Ass", "AOOAD_Ass\AOOAD_Ass.csproj", "{55CF4E53-2F3D-45FE-9266-9C13B3DCD0D6}"
EndProject
Global
	GlobalSection(SolutionConfigurationPlatforms) = preSolution
		Debug|Any CPU = Debug|Any CPU
		Release|Any CPU = Release|Any CPU
	EndGlobalSection
	GlobalSection(ProjectConfigurationPlatforms) = postSolution
		{55CF4E53-2F3D-45FE-9266-9C13B3DCD0D6}.Debug|Any CPU.ActiveCfg = Debug|Any CPU
		{55CF4E53-2F3D-45FE-9266-9C13B3DCD0D6}.Debug|Any CPU.Build.0 = Debug|Any CPU
		{55CF4E53-2F3D-45FE-9266-9C13B3DCD0D6}.Release|Any CPU.ActiveCfg = Release|Any CPU
		{55CF4E53-2F3D-45FE-9266-9C13B3DCD0D6}.Release|Any CPU.Build.0 = Release|Any CPU
	EndGlobalSection
	GlobalSection(SolutionProperties) = preSolution
		HideSolutionNode = FALSE
	EndGlobalSection
	GlobalSection(ExtensibilityGlobals) = postSolution
		SolutionGuid = {1DD6E638-5201-42D9-877D-8E1E3579EAC8}
	EndGlobalSection
EndGlobal
